
Microsoft Visual Studio Solution File, Format Version 12.00
# Visual Studio Version 16
VisualStudioVersion = 16.0.30517.126
MinimumVisualStudioVersion = 10.0.40219.1
Project("{8BC9CEB8-8B4A-11D0-8D11-00A0C91BC942}") = "TestCpp", "TestCpp.vcxproj", "{38460767-727A-41B6-9E41-0E8FFD32E0E7}"
EndProject
Global
	GlobalSection(SolutionConfigurationPlatforms) = preSolution
		Debug|x64 = Debug|x64
		Debug|x86 = Debug|x86
		Release|x64 = Release|x64
		Release|x86 = Release|x86
	EndGlobalSection
	GlobalSection(ProjectConfigurationPlatforms) = postSolution
		{38460767-727A-41B6-9E41-0E8FFD32E0E7}.Debug|x64.ActiveCfg = Debug|x64
		{38460767-727A-41B6-9E41-0E8FFD32E0E7}.Debug|x64.Build.0 = Debug|x64
		{38460767-727A-41B6-9E41-0E8FFD32E0E7}.Debug|x86.ActiveCfg = Debug|Win32
		{38460767-727A-41B6-9E41-0E8FFD32E0E7}.Debug|x86.Build.0 = Debug|Win32
		{38460767-727A-41B6-9E41-0E8FFD32E0E7}.Release|x64.ActiveCfg = Release|x64
		{38460767-727A-41B6-9E41-0E8FFD32E0E7}.Release|x64.Build.0 = Release|x64
		{38460767-727A-41B6-9E41-0E8FFD32E0E7}.Release|x86.ActiveCfg = Release|Win32
		{38460767-727A-41B6-9E41-0E8FFD32E0E7}.Release|x86.Build.0 = Release|Win32
	EndGlobalSection
	GlobalSection(SolutionProperties) = preSolution
		HideSolutionNode = FALSE
	EndGlobalSection
	GlobalSection(ExtensibilityGlobals) = postSolution
		SolutionGuid = {0076D111-4E3C-4243-A1D0-CC69223688C2}
	EndGlobalSection
EndGlobal
